
Microsoft Visual Studio Solution File, Format Version 12.00
Project("{FAE04EC0-301F-11D3-BF4B-00C04F79EFBC}") = "Test1", "Test1\Test1.csproj", "{116F4E15-A7A0-426D-A85D-B763F05DA65E}"
EndProject
Project("{FAE04EC0-301F-11D3-BF4B-00C04F79EFBC}") = "RazorClassLibrary1", "RazorClassLibrary1\RazorClassLibrary1.csproj", "{AAB868E1-3FFF-4C8F-9B70-22EFACA1DDEE}"
EndProject
Global
	GlobalSection(SolutionConfigurationPlatforms) = preSolution
		Debug|Any CPU = Debug|Any CPU
		Release|Any CPU = Release|Any CPU
	EndGlobalSection
	GlobalSection(ProjectConfigurationPlatforms) = postSolution
		{116F4E15-A7A0-426D-A85D-B763F05DA65E}.Debug|Any CPU.ActiveCfg = Debug|Any CPU
		{116F4E15-A7A0-426D-A85D-B763F05DA65E}.Debug|Any CPU.Build.0 = Debug|Any CPU
		{116F4E15-A7A0-426D-A85D-B763F05DA65E}.Release|Any CPU.ActiveCfg = Release|Any CPU
		{116F4E15-A7A0-426D-A85D-B763F05DA65E}.Release|Any CPU.Build.0 = Release|Any CPU
		{AAB868E1-3FFF-4C8F-9B70-22EFACA1DDEE}.Debug|Any CPU.ActiveCfg = Debug|Any CPU
		{AAB868E1-3FFF-4C8F-9B70-22EFACA1DDEE}.Debug|Any CPU.Build.0 = Debug|Any CPU
		{AAB868E1-3FFF-4C8F-9B70-22EFACA1DDEE}.Release|Any CPU.ActiveCfg = Release|Any CPU
		{AAB868E1-3FFF-4C8F-9B70-22EFACA1DDEE}.Release|Any CPU.Build.0 = Release|Any CPU
	EndGlobalSection
EndGlobal
